
Microsoft Visual Studio Solution File, Format Version 12.00
# Visual Studio 15
Project("{FAE04EC0-301F-11D3-BF4B-00C04F79EFBC}") = "DavesPieShop", "DavesPieShop\DavesPieShop.csproj", "{0EFB030C-367C-4401-BB62-33FFC8DE285D}"
EndProject
Project("{2150E333-8FDC-42A3-9474-1A3956D46DE8}") = "Solution Items", "Solution Items", "{6127F71A-42DC-4855-80BF-F646424B4352}"
	ProjectSection(SolutionItems) = preProject
		.gitignore = .gitignore
	EndProjectSection
EndProject
Global
	GlobalSection(SolutionConfigurationPlatforms) = preSolution
		Debug|Any CPU = Debug|Any CPU
		Release|Any CPU = Release|Any CPU
	EndGlobalSection
	GlobalSection(ProjectConfigurationPlatforms) = postSolution
		{0EFB030C-367C-4401-BB62-33FFC8DE285D}.Debug|Any CPU.ActiveCfg = Debug|Any CPU
		{0EFB030C-367C-4401-BB62-33FFC8DE285D}.Debug|Any CPU.Build.0 = Debug|Any CPU
		{0EFB030C-367C-4401-BB62-33FFC8DE285D}.Release|Any CPU.ActiveCfg = Release|Any CPU
		{0EFB030C-367C-4401-BB62-33FFC8DE285D}.Release|Any CPU.Build.0 = Release|Any CPU
	EndGlobalSection
EndGlobal
